
Microsoft Visual Studio Solution File, Format Version 12.00
# Visual Studio Version 16
VisualStudioVersion = 16.0.30002.166
MinimumVisualStudioVersion = 10.0.40219.1
Project("{FAE04EC0-301F-11D3-BF4B-00C04F79EFBC}") = "SalesWebMvc", "SalesWebMvc\SalesWebMvc.csproj", "{32A5A307-1F6D-46B4-A940-9BF3979B4AA5}"
EndProject
Global
	GlobalSection(SolutionConfigurationPlatforms) = preSolution
		Debug|Any CPU = Debug|Any CPU
		Release|Any CPU = Release|Any CPU
	EndGlobalSection
	GlobalSection(ProjectConfigurationPlatforms) = postSolution
		{32A5A307-1F6D-46B4-A940-9BF3979B4AA5}.Debug|Any CPU.ActiveCfg = Debug|Any CPU
		{32A5A307-1F6D-46B4-A940-9BF3979B4AA5}.Debug|Any CPU.Build.0 = Debug|Any CPU
		{32A5A307-1F6D-46B4-A940-9BF3979B4AA5}.Release|Any CPU.ActiveCfg = Release|Any CPU
		{32A5A307-1F6D-46B4-A940-9BF3979B4AA5}.Release|Any CPU.Build.0 = Release|Any CPU
	EndGlobalSection
	GlobalSection(SolutionProperties) = preSolution
		HideSolutionNode = FALSE
	EndGlobalSection
	GlobalSection(ExtensibilityGlobals) = postSolution
		SolutionGuid = {3FE5ECF4-4D4A-4F97-A63F-E47DBF801D18}
	EndGlobalSection
EndGlobal
